
Microsoft Visual Studio Solution File, Format Version 12.00
# Visual Studio Version 17
VisualStudioVersion = 17.1.32210.238
MinimumVisualStudioVersion = 10.0.40219.1
Project("{FAE04EC0-301F-11D3-BF4B-00C04F79EFBC}") = "TelegramBot", "TelegramBot\TelegramBot.csproj", "{D511F438-DBEC-454C-9858-65E6AA96C62F}"
EndProject
Global
	GlobalSection(SolutionConfigurationPlatforms) = preSolution
		Debug|Any CPU = Debug|Any CPU
		Release|Any CPU = Release|Any CPU
	EndGlobalSection
	GlobalSection(ProjectConfigurationPlatforms) = postSolution
		{D511F438-DBEC-454C-9858-65E6AA96C62F}.Debug|Any CPU.ActiveCfg = Debug|Any CPU
		{D511F438-DBEC-454C-9858-65E6AA96C62F}.Debug|Any CPU.Build.0 = Debug|Any CPU
		{D511F438-DBEC-454C-9858-65E6AA96C62F}.Release|Any CPU.ActiveCfg = Release|Any CPU
		{D511F438-DBEC-454C-9858-65E6AA96C62F}.Release|Any CPU.Build.0 = Release|Any CPU
	EndGlobalSection
	GlobalSection(SolutionProperties) = preSolution
		HideSolutionNode = FALSE
	EndGlobalSection
	GlobalSection(ExtensibilityGlobals) = postSolution
		SolutionGuid = {1685187F-29C4-457E-99BB-05AE1451A253}
	EndGlobalSection
EndGlobal
